
Microsoft Visual Studio Solution File, Format Version 12.00
# Visual Studio Version 17
VisualStudioVersion = 17.0.31903.59
MinimumVisualStudioVersion = 10.0.40219.1
Project("{FAE04EC0-301F-11D3-BF4B-00C04F79EFBC}") = "3011bot", "3011bot\3011bot.csproj", "{88EF0A0E-B851-4318-8229-CC1450478315}"
EndProject
Global
	GlobalSection(SolutionConfigurationPlatforms) = preSolution
		Debug|Any CPU = Debug|Any CPU
		Release|Any CPU = Release|Any CPU
	EndGlobalSection
	GlobalSection(ProjectConfigurationPlatforms) = postSolution
		{88EF0A0E-B851-4318-8229-CC1450478315}.Debug|Any CPU.ActiveCfg = Debug|Any CPU
		{88EF0A0E-B851-4318-8229-CC1450478315}.Debug|Any CPU.Build.0 = Debug|Any CPU
		{88EF0A0E-B851-4318-8229-CC1450478315}.Release|Any CPU.ActiveCfg = Release|Any CPU
		{88EF0A0E-B851-4318-8229-CC1450478315}.Release|Any CPU.Build.0 = Release|Any CPU
	EndGlobalSection
	GlobalSection(SolutionProperties) = preSolution
		HideSolutionNode = FALSE
	EndGlobalSection
	GlobalSection(ExtensibilityGlobals) = postSolution
		SolutionGuid = {520A1260-BEE7-4C37-A868-A69CBCF7DE18}
	EndGlobalSection
EndGlobal
